
Microsoft Visual Studio Solution File, Format Version 12.00
# Visual Studio Version 16
VisualStudioVersion = 16.0.28922.388
MinimumVisualStudioVersion = 10.0.40219.1
Project("{2150E333-8FDC-42A3-9474-1A3956D46DE8}") = "DataBase", "DataBase", "{260F6E04-3032-4946-98BA-E80ED0FB8999}"
EndProject
Project("{2150E333-8FDC-42A3-9474-1A3956D46DE8}") = "Web", "Web", "{352D58E6-6FCA-40CB-86CB-9BB605CD4E8C}"
EndProject
Project("{9A19103F-16F7-4668-BE54-9A1E7A4F7556}") = "XinRevolution.Web", "XinRevolution.Web\XinRevolution.Web.csproj", "{550031C6-C9DA-4F34-94C3-A9ED80A4628C}"
EndProject
Project("{2150E333-8FDC-42A3-9474-1A3956D46DE8}") = "Libarary", "Libarary", "{BBDC5AE7-576F-4B90-94A5-10018E575ADF}"
EndProject
Project("{9A19103F-16F7-4668-BE54-9A1E7A4F7556}") = "XinRevolution.Entity", "XinRevolution.Entity\XinRevolution.Entity.csproj", "{3F3EB482-B30C-4453-A598-06C334E9922F}"
EndProject
Project("{9A19103F-16F7-4668-BE54-9A1E7A4F7556}") = "XinRevolution.Repository", "XinRevolution.Repository\XinRevolution.Repository.csproj", "{79904C34-1F58-4331-A158-336FFEA90387}"
EndProject
Project("{2150E333-8FDC-42A3-9474-1A3956D46DE8}") = "Manager", "Manager", "{666ED350-5A43-4085-8127-8FC86E0823C2}"
EndProject
Project("{FAE04EC0-301F-11D3-BF4B-00C04F79EFBC}") = "XinRevolution.Manager", "XinRevolution.Manager\XinRevolution.Manager.csproj", "{192064FE-1C86-4568-8B04-36676305FFA4}"
EndProject
Global
	GlobalSection(SolutionConfigurationPlatforms) = preSolution
		Debug|Any CPU = Debug|Any CPU
		Release|Any CPU = Release|Any CPU
	EndGlobalSection
	GlobalSection(ProjectConfigurationPlatforms) = postSolution
		{550031C6-C9DA-4F34-94C3-A9ED80A4628C}.Debug|Any CPU.ActiveCfg = Debug|Any CPU
		{550031C6-C9DA-4F34-94C3-A9ED80A4628C}.Debug|Any CPU.Build.0 = Debug|Any CPU
		{550031C6-C9DA-4F34-94C3-A9ED80A4628C}.Release|Any CPU.ActiveCfg = Release|Any CPU
		{550031C6-C9DA-4F34-94C3-A9ED80A4628C}.Release|Any CPU.Build.0 = Release|Any CPU
		{3F3EB482-B30C-4453-A598-06C334E9922F}.Debug|Any CPU.ActiveCfg = Debug|Any CPU
		{3F3EB482-B30C-4453-A598-06C334E9922F}.Debug|Any CPU.Build.0 = Debug|Any CPU
		{3F3EB482-B30C-4453-A598-06C334E9922F}.Release|Any CPU.ActiveCfg = Release|Any CPU
		{3F3EB482-B30C-4453-A598-06C334E9922F}.Release|Any CPU.Build.0 = Release|Any CPU
		{79904C34-1F58-4331-A158-336FFEA90387}.Debug|Any CPU.ActiveCfg = Debug|Any CPU
		{79904C34-1F58-4331-A158-336FFEA90387}.Debug|Any CPU.Build.0 = Debug|Any CPU
		{79904C34-1F58-4331-A158-336FFEA90387}.Release|Any CPU.ActiveCfg = Release|Any CPU
		{79904C34-1F58-4331-A158-336FFEA90387}.Release|Any CPU.Build.0 = Release|Any CPU
		{192064FE-1C86-4568-8B04-36676305FFA4}.Debug|Any CPU.ActiveCfg = Debug|Any CPU
		{192064FE-1C86-4568-8B04-36676305FFA4}.Debug|Any CPU.Build.0 = Debug|Any CPU
		{192064FE-1C86-4568-8B04-36676305FFA4}.Release|Any CPU.ActiveCfg = Release|Any CPU
		{192064FE-1C86-4568-8B04-36676305FFA4}.Release|Any CPU.Build.0 = Release|Any CPU
	EndGlobalSection
	GlobalSection(SolutionProperties) = preSolution
		HideSolutionNode = FALSE
	EndGlobalSection
	GlobalSection(NestedProjects) = preSolution
		{550031C6-C9DA-4F34-94C3-A9ED80A4628C} = {352D58E6-6FCA-40CB-86CB-9BB605CD4E8C}
		{3F3EB482-B30C-4453-A598-06C334E9922F} = {260F6E04-3032-4946-98BA-E80ED0FB8999}
		{79904C34-1F58-4331-A158-336FFEA90387} = {BBDC5AE7-576F-4B90-94A5-10018E575ADF}
		{192064FE-1C86-4568-8B04-36676305FFA4} = {666ED350-5A43-4085-8127-8FC86E0823C2}
	EndGlobalSection
	GlobalSection(ExtensibilityGlobals) = postSolution
		SolutionGuid = {8783B719-46DD-483A-A1B3-A94939D242F6}
	EndGlobalSection
EndGlobal
